<?xml version="1.0" encoding="utf-8"?>
<Project ToolsVersion="4.0" xmlns="http://schemas.microsoft.com/developer/msbuild/2003">
  <ItemGroup>
    <Filter Include="Source Files">
      <UniqueIdentifier>{4FC737F1-C7A5-4376-A066-2A32D752A2FF}</UniqueIdentifier>
      <Extensions>cpp;c;cc;cxx;def;odl;idl;hpj;bat;asm;asmx</Extensions>
    </Filter>
    <Filter Include="Header Files">
      <UniqueIdentifier>{93995380-89BD-4b04-88EB-625FBE52EBFB}</UniqueIdentifier>
      <Extensions>h;hpp;hxx;hm;inl;inc;xsd</Extensions>
    </Filter>
    <Filter Include="Resource Files">
      <UniqueIdentifier>{67DA6AB6-F800-4c08-8B7A-83BB121AAD01}</UniqueIdentifier>
      <Extensions>rc;ico;cur;bmp;dlg;rc2;rct;bin;rgs;gif;jpg;jpeg;jpe;resx;tiff;tif;png;wav;mfcribbon-ms</Extensions>
    </Filter>
    <Filter Include="Header Files\willperone%255cmath">
      <UniqueIdentifier>{0b8f914b-1f2d-419c-9eea-52ead80f4696}</UniqueIdentifier>
    </Filter>
  </ItemGroup>
  <ItemGroup>
    <ClCompile Include="main.cpp">
      <Filter>Source Files</Filter>
    </ClCompile>
    <ClCompile Include="include\willperone\Math\Assert.c">
      <Filter>Header Files\willperone%255cmath</Filter>
    </ClCompile>
  </ItemGroup>
  <ItemGroup>
    <ClInclude Include="Polyhedron.h">
      <Filter>Header Files</Filter>
    </ClInclude>
    <ClInclude Include="Transform.h">
      <Filter>Header Files</Filter>
    </ClInclude>
    <ClInclude Include="SceneObject.h">
      <Filter>Header Files</Filter>
    </ClInclude>
    <ClInclude Include="Sphere.h">
      <Filter>Header Files</Filter>
    </ClInclude>
    <ClInclude Include="Cylinder.h">
      <Filter>Header Files</Filter>
    </ClInclude>
    <ClInclude Include="Cube.h">
      <Filter>Header Files</Filter>
    </ClInclude>
    <ClInclude Include="Quaternion.h">
      <Filter>Header Files</Filter>
    </ClInclude>
    <ClInclude Include="include\willperone\Math\Matrix2.h">
      <Filter>Header Files\willperone%255cmath</Filter>
    </ClInclude>
    <ClInclude Include="include\willperone\Math\Matrix3.h">
      <Filter>Header Files\willperone%255cmath</Filter>
    </ClInclude>
    <ClInclude Include="include\willperone\Math\matrix4.h">
      <Filter>Header Files\willperone%255cmath</Filter>
    </ClInclude>
    <ClInclude Include="include\willperone\Math\MatrixN.h">
      <Filter>Header Files\willperone%255cmath</Filter>
    </ClInclude>
    <ClInclude Include="include\willperone\Math\quaternion.h">
      <Filter>Header Files\willperone%255cmath</Filter>
    </ClInclude>
    <ClInclude Include="include\willperone\Math\Utility.h">
      <Filter>Header Files\willperone%255cmath</Filter>
    </ClInclude>
    <ClInclude Include="include\willperone\Math\vector2.h">
      <Filter>Header Files\willperone%255cmath</Filter>
    </ClInclude>
    <ClInclude Include="include\willperone\Math\vector3.h">
      <Filter>Header Files\willperone%255cmath</Filter>
    </ClInclude>
    <ClInclude Include="include\willperone\Math\vector4.h">
      <Filter>Header Files\willperone%255cmath</Filter>
    </ClInclude>
    <ClInclude Include="include\willperone\Math\Assert.h">
      <Filter>Header Files\willperone%255cmath</Filter>
    </ClInclude>
    <ClInclude Include="Material.h">
      <Filter>Header Files</Filter>
    </ClInclude>
  </ItemGroup>
</Project>